
Microsoft Visual Studio Solution File, Format Version 12.00
# Visual Studio Version 16
VisualStudioVersion = 16.0.31624.102
MinimumVisualStudioVersion = 10.0.40219.1
Project("{FAE04EC0-301F-11D3-BF4B-00C04F79EFBC}") = "DotvvmControlsDemo", "DotvvmControlsDemo\DotvvmControlsDemo.csproj", "{467F9129-AF86-4480-89A0-8CBD30FCF145}"
EndProject
Global
	GlobalSection(SolutionConfigurationPlatforms) = preSolution
		Debug|Any CPU = Debug|Any CPU
		Release|Any CPU = Release|Any CPU
	EndGlobalSection
	GlobalSection(ProjectConfigurationPlatforms) = postSolution
		{467F9129-AF86-4480-89A0-8CBD30FCF145}.Debug|Any CPU.ActiveCfg = Debug|Any CPU
		{467F9129-AF86-4480-89A0-8CBD30FCF145}.Debug|Any CPU.Build.0 = Debug|Any CPU
		{467F9129-AF86-4480-89A0-8CBD30FCF145}.Release|Any CPU.ActiveCfg = Release|Any CPU
		{467F9129-AF86-4480-89A0-8CBD30FCF145}.Release|Any CPU.Build.0 = Release|Any CPU
	EndGlobalSection
	GlobalSection(SolutionProperties) = preSolution
		HideSolutionNode = FALSE
	EndGlobalSection
	GlobalSection(ExtensibilityGlobals) = postSolution
		SolutionGuid = {DC938F74-A090-4B58-8241-67B9505DD2A9}
	EndGlobalSection
EndGlobal
